github.com/go-sql-driver/mysql v1.5.0 h1:ozyZYNQW3x3HtqT1jira07DN2PArx2v7/mN66gGcHOs=
github.com/go-sql-driver/mysql v1.5.0/go.mod h1:DCzpHaOWr8IXmIStZouvnhqoel9Qv2LBy8hT2VhHyBg=
github.com/xooooooox/arm v0.0.0-20200129093400-5ba4270b16f0 h1:stElpTWL2jPO2gA/G9sqv1qSGT8NaT38EIhqn+WGP9A=
github.com/xooooooox/arm v0.0.0-20200129093400-5ba4270b16f0/go.mod h1:nh3vEewfUsPTfU7XAz032PkUSLqg6doK0WAk1uwQ3x0=
